
Microsoft Visual Studio Solution File, Format Version 12.00
# Visual Studio Version 16
VisualStudioVersion = 16.0.30002.166
MinimumVisualStudioVersion = 10.0.40219.1
Project("{9A19103F-16F7-4668-BE54-9A1E7A4F7556}") = "JavaScriptClient", "JavaScriptClient\JavaScriptClient.csproj", "{B85A5C42-9FB7-4A3C-8CDD-A7DD10F3B477}"
EndProject
Project("{9A19103F-16F7-4668-BE54-9A1E7A4F7556}") = "AdminApi", "AdminApi\AdminApi.csproj", "{515EC41A-D229-483F-AD1F-1411B9158F13}"
EndProject
Project("{9A19103F-16F7-4668-BE54-9A1E7A4F7556}") = "Is4.EFCore.MySql", "Is4.EFCore.MySql\Is4.EFCore.MySql.csproj", "{8034EEC9-280A-45F4-B16F-CB4A1B75A2FB}"
EndProject
Project("{9A19103F-16F7-4668-BE54-9A1E7A4F7556}") = "Is4.Domain", "Is4.Domain\Is4.Domain.csproj", "{031CB17C-02DD-463F-84CB-957CA3E6C92D}"
EndProject
Project("{9A19103F-16F7-4668-BE54-9A1E7A4F7556}") = "Is4.Service", "Is4.Service\Is4.Service.csproj", "{A45A913D-3959-45BE-B8E2-9E0BD7839826}"
EndProject
Project("{9A19103F-16F7-4668-BE54-9A1E7A4F7556}") = "Is4.EFCore.Shared", "Is4.EFCore.Shared\Is4.EFCore.Shared.csproj", "{95EB05B7-67BA-4F0B-ADF4-355E2CF65FE2}"
EndProject
Project("{9A19103F-16F7-4668-BE54-9A1E7A4F7556}") = "Is4.Service.Shared", "Is4.Service.Shared\Is4.Service.Shared.csproj", "{71385859-63E2-4993-92A7-1EC0CF7F90B5}"
EndProject
Project("{9A19103F-16F7-4668-BE54-9A1E7A4F7556}") = "Is4.Domain.Shared", "Is4.Domain.Shared\Is4.Domain.Shared.csproj", "{6A918475-FA53-4E03-A22F-361EED44DFDD}"
EndProject
Project("{9A19103F-16F7-4668-BE54-9A1E7A4F7556}") = "Is4.Common", "Is4.Common\Is4.Common.csproj", "{7E0DA750-6519-4E04-A28C-723C34667711}"
EndProject
Project("{9A19103F-16F7-4668-BE54-9A1E7A4F7556}") = "Is4.Shared", "Is4.Shared\Is4.Shared.csproj", "{BDF36D0A-FEB1-49ED-95C9-91399CFDB01F}"
EndProject
Project("{2150E333-8FDC-42A3-9474-1A3956D46DE8}") = "test", "test", "{D4591195-69F3-4E70-88C8-3AC3313F59D4}"
EndProject
Project("{9A19103F-16F7-4668-BE54-9A1E7A4F7556}") = "Is4Test", "Is4Test\Is4Test.csproj", "{6F3B366B-CA4D-42D8-87D6-937114353D74}"
EndProject
Project("{9A19103F-16F7-4668-BE54-9A1E7A4F7556}") = "Is4.ServiceTests", "test\Is4.ServiceTests\Is4.ServiceTests.csproj", "{D05C427E-89E7-4C05-B41B-4EA17ED3FDE8}"
EndProject
Project("{9A19103F-16F7-4668-BE54-9A1E7A4F7556}") = "TestBase", "test\TestBase\TestBase.csproj", "{657907AB-D844-41BA-ABCE-42D3B443E0C5}"
EndProject
Project("{2150E333-8FDC-42A3-9474-1A3956D46DE8}") = "vueClient", "vueClient", "{70C7C82E-A9DE-483B-B433-F89806D9BB99}"
EndProject
Project("{2150E333-8FDC-42A3-9474-1A3956D46DE8}") = "BackService", "BackService", "{B32399BB-1D71-4490-A9C1-304E1238EE5A}"
EndProject
Project("{FAE04EC0-301F-11D3-BF4B-00C04F79EFBC}") = "CacheCleaner", "BackService\CacheCleaner\CacheCleaner.csproj", "{D39FFB70-1EE9-455B-B246-E83AD9CAEF5A}"
EndProject
Project("{FAE04EC0-301F-11D3-BF4B-00C04F79EFBC}") = "ConsumerDemo", "BackService\ConsumerDemo\ConsumerDemo.csproj", "{6822B413-2CEE-4A42-8254-3E171FBA8F70}"
EndProject
Global
	GlobalSection(SolutionConfigurationPlatforms) = preSolution
		Debug|Any CPU = Debug|Any CPU
		Release|Any CPU = Release|Any CPU
	EndGlobalSection
	GlobalSection(ProjectConfigurationPlatforms) = postSolution
		{B85A5C42-9FB7-4A3C-8CDD-A7DD10F3B477}.Debug|Any CPU.ActiveCfg = Debug|Any CPU
		{B85A5C42-9FB7-4A3C-8CDD-A7DD10F3B477}.Debug|Any CPU.Build.0 = Debug|Any CPU
		{B85A5C42-9FB7-4A3C-8CDD-A7DD10F3B477}.Release|Any CPU.ActiveCfg = Release|Any CPU
		{B85A5C42-9FB7-4A3C-8CDD-A7DD10F3B477}.Release|Any CPU.Build.0 = Release|Any CPU
		{515EC41A-D229-483F-AD1F-1411B9158F13}.Debug|Any CPU.ActiveCfg = Debug|Any CPU
		{515EC41A-D229-483F-AD1F-1411B9158F13}.Debug|Any CPU.Build.0 = Debug|Any CPU
		{515EC41A-D229-483F-AD1F-1411B9158F13}.Release|Any CPU.ActiveCfg = Release|Any CPU
		{515EC41A-D229-483F-AD1F-1411B9158F13}.Release|Any CPU.Build.0 = Release|Any CPU
		{8034EEC9-280A-45F4-B16F-CB4A1B75A2FB}.Debug|Any CPU.ActiveCfg = Debug|Any CPU
		{8034EEC9-280A-45F4-B16F-CB4A1B75A2FB}.Debug|Any CPU.Build.0 = Debug|Any CPU
		{8034EEC9-280A-45F4-B16F-CB4A1B75A2FB}.Release|Any CPU.ActiveCfg = Release|Any CPU
		{8034EEC9-280A-45F4-B16F-CB4A1B75A2FB}.Release|Any CPU.Build.0 = Release|Any CPU
		{031CB17C-02DD-463F-84CB-957CA3E6C92D}.Debug|Any CPU.ActiveCfg = Debug|Any CPU
		{031CB17C-02DD-463F-84CB-957CA3E6C92D}.Debug|Any CPU.Build.0 = Debug|Any CPU
		{031CB17C-02DD-463F-84CB-957CA3E6C92D}.Release|Any CPU.ActiveCfg = Release|Any CPU
		{031CB17C-02DD-463F-84CB-957CA3E6C92D}.Release|Any CPU.Build.0 = Release|Any CPU
		{A45A913D-3959-45BE-B8E2-9E0BD7839826}.Debug|Any CPU.ActiveCfg = Debug|Any CPU
		{A45A913D-3959-45BE-B8E2-9E0BD7839826}.Debug|Any CPU.Build.0 = Debug|Any CPU
		{A45A913D-3959-45BE-B8E2-9E0BD7839826}.Release|Any CPU.ActiveCfg = Release|Any CPU
		{A45A913D-3959-45BE-B8E2-9E0BD7839826}.Release|Any CPU.Build.0 = Release|Any CPU
		{95EB05B7-67BA-4F0B-ADF4-355E2CF65FE2}.Debug|Any CPU.ActiveCfg = Debug|Any CPU
		{95EB05B7-67BA-4F0B-ADF4-355E2CF65FE2}.Debug|Any CPU.Build.0 = Debug|Any CPU
		{95EB05B7-67BA-4F0B-ADF4-355E2CF65FE2}.Release|Any CPU.ActiveCfg = Release|Any CPU
		{95EB05B7-67BA-4F0B-ADF4-355E2CF65FE2}.Release|Any CPU.Build.0 = Release|Any CPU
		{71385859-63E2-4993-92A7-1EC0CF7F90B5}.Debug|Any CPU.ActiveCfg = Debug|Any CPU
		{71385859-63E2-4993-92A7-1EC0CF7F90B5}.Debug|Any CPU.Build.0 = Debug|Any CPU
		{71385859-63E2-4993-92A7-1EC0CF7F90B5}.Release|Any CPU.ActiveCfg = Release|Any CPU
		{71385859-63E2-4993-92A7-1EC0CF7F90B5}.Release|Any CPU.Build.0 = Release|Any CPU
		{6A918475-FA53-4E03-A22F-361EED44DFDD}.Debug|Any CPU.ActiveCfg = Debug|Any CPU
		{6A918475-FA53-4E03-A22F-361EED44DFDD}.Debug|Any CPU.Build.0 = Debug|Any CPU
		{6A918475-FA53-4E03-A22F-361EED44DFDD}.Release|Any CPU.ActiveCfg = Release|Any CPU
		{6A918475-FA53-4E03-A22F-361EED44DFDD}.Release|Any CPU.Build.0 = Release|Any CPU
		{7E0DA750-6519-4E04-A28C-723C34667711}.Debug|Any CPU.ActiveCfg = Debug|Any CPU
		{7E0DA750-6519-4E04-A28C-723C34667711}.Debug|Any CPU.Build.0 = Debug|Any CPU
		{7E0DA750-6519-4E04-A28C-723C34667711}.Release|Any CPU.ActiveCfg = Release|Any CPU
		{7E0DA750-6519-4E04-A28C-723C34667711}.Release|Any CPU.Build.0 = Release|Any CPU
		{BDF36D0A-FEB1-49ED-95C9-91399CFDB01F}.Debug|Any CPU.ActiveCfg = Debug|Any CPU
		{BDF36D0A-FEB1-49ED-95C9-91399CFDB01F}.Debug|Any CPU.Build.0 = Debug|Any CPU
		{BDF36D0A-FEB1-49ED-95C9-91399CFDB01F}.Release|Any CPU.ActiveCfg = Release|Any CPU
		{BDF36D0A-FEB1-49ED-95C9-91399CFDB01F}.Release|Any CPU.Build.0 = Release|Any CPU
		{6F3B366B-CA4D-42D8-87D6-937114353D74}.Debug|Any CPU.ActiveCfg = Debug|Any CPU
		{6F3B366B-CA4D-42D8-87D6-937114353D74}.Debug|Any CPU.Build.0 = Debug|Any CPU
		{6F3B366B-CA4D-42D8-87D6-937114353D74}.Release|Any CPU.ActiveCfg = Release|Any CPU
		{6F3B366B-CA4D-42D8-87D6-937114353D74}.Release|Any CPU.Build.0 = Release|Any CPU
		{D05C427E-89E7-4C05-B41B-4EA17ED3FDE8}.Debug|Any CPU.ActiveCfg = Debug|Any CPU
		{D05C427E-89E7-4C05-B41B-4EA17ED3FDE8}.Debug|Any CPU.Build.0 = Debug|Any CPU
		{D05C427E-89E7-4C05-B41B-4EA17ED3FDE8}.Release|Any CPU.ActiveCfg = Release|Any CPU
		{D05C427E-89E7-4C05-B41B-4EA17ED3FDE8}.Release|Any CPU.Build.0 = Release|Any CPU
		{657907AB-D844-41BA-ABCE-42D3B443E0C5}.Debug|Any CPU.ActiveCfg = Debug|Any CPU
		{657907AB-D844-41BA-ABCE-42D3B443E0C5}.Debug|Any CPU.Build.0 = Debug|Any CPU
		{657907AB-D844-41BA-ABCE-42D3B443E0C5}.Release|Any CPU.ActiveCfg = Release|Any CPU
		{657907AB-D844-41BA-ABCE-42D3B443E0C5}.Release|Any CPU.Build.0 = Release|Any CPU
		{D39FFB70-1EE9-455B-B246-E83AD9CAEF5A}.Debug|Any CPU.ActiveCfg = Debug|Any CPU
		{D39FFB70-1EE9-455B-B246-E83AD9CAEF5A}.Debug|Any CPU.Build.0 = Debug|Any CPU
		{D39FFB70-1EE9-455B-B246-E83AD9CAEF5A}.Release|Any CPU.ActiveCfg = Release|Any CPU
		{D39FFB70-1EE9-455B-B246-E83AD9CAEF5A}.Release|Any CPU.Build.0 = Release|Any CPU
		{6822B413-2CEE-4A42-8254-3E171FBA8F70}.Debug|Any CPU.ActiveCfg = Debug|Any CPU
		{6822B413-2CEE-4A42-8254-3E171FBA8F70}.Debug|Any CPU.Build.0 = Debug|Any CPU
		{6822B413-2CEE-4A42-8254-3E171FBA8F70}.Release|Any CPU.ActiveCfg = Release|Any CPU
		{6822B413-2CEE-4A42-8254-3E171FBA8F70}.Release|Any CPU.Build.0 = Release|Any CPU
	EndGlobalSection
	GlobalSection(SolutionProperties) = preSolution
		HideSolutionNode = FALSE
	EndGlobalSection
	GlobalSection(NestedProjects) = preSolution
		{D05C427E-89E7-4C05-B41B-4EA17ED3FDE8} = {D4591195-69F3-4E70-88C8-3AC3313F59D4}
		{657907AB-D844-41BA-ABCE-42D3B443E0C5} = {D4591195-69F3-4E70-88C8-3AC3313F59D4}
		{D39FFB70-1EE9-455B-B246-E83AD9CAEF5A} = {B32399BB-1D71-4490-A9C1-304E1238EE5A}
		{6822B413-2CEE-4A42-8254-3E171FBA8F70} = {B32399BB-1D71-4490-A9C1-304E1238EE5A}
	EndGlobalSection
	GlobalSection(ExtensibilityGlobals) = postSolution
		SolutionGuid = {EE4148C0-7426-4484-8F41-AD5683DD039B}
	EndGlobalSection
EndGlobal
